
Microsoft Visual Studio Solution File, Format Version 12.00
# Visual Studio Version 16
VisualStudioVersion = 16.0.32228.343
MinimumVisualStudioVersion = 10.0.40219.1
Project("{FAE04EC0-301F-11D3-BF4B-00C04F79EFBC}") = "DikenComTr_Clone", "DikenComTr_Clone\DikenComTr_Clone.csproj", "{B848773C-135E-452B-A665-F71CFFEB124A}"
EndProject
Global
	GlobalSection(SolutionConfigurationPlatforms) = preSolution
		Debug|Any CPU = Debug|Any CPU
		Release|Any CPU = Release|Any CPU
	EndGlobalSection
	GlobalSection(ProjectConfigurationPlatforms) = postSolution
		{B848773C-135E-452B-A665-F71CFFEB124A}.Debug|Any CPU.ActiveCfg = Debug|Any CPU
		{B848773C-135E-452B-A665-F71CFFEB124A}.Debug|Any CPU.Build.0 = Debug|Any CPU
		{B848773C-135E-452B-A665-F71CFFEB124A}.Release|Any CPU.ActiveCfg = Release|Any CPU
		{B848773C-135E-452B-A665-F71CFFEB124A}.Release|Any CPU.Build.0 = Release|Any CPU
	EndGlobalSection
	GlobalSection(SolutionProperties) = preSolution
		HideSolutionNode = FALSE
	EndGlobalSection
	GlobalSection(ExtensibilityGlobals) = postSolution
		SolutionGuid = {7FE86AFD-C357-4B05-BEAD-9BF8FC4B173F}
	EndGlobalSection
EndGlobal
