
Microsoft Visual Studio Solution File, Format Version 12.00
# Visual Studio Version 16
VisualStudioVersion = 16.0.32228.343
MinimumVisualStudioVersion = 10.0.40219.1
Project("{FAE04EC0-301F-11D3-BF4B-00C04F79EFBC}") = "MobilyaShowRoom", "MobilyaShowRoom\MobilyaShowRoom.csproj", "{504DBB64-9898-4E08-ACEE-2B4409EBD1C1}"
EndProject
Global
	GlobalSection(SolutionConfigurationPlatforms) = preSolution
		Debug|Any CPU = Debug|Any CPU
		Release|Any CPU = Release|Any CPU
	EndGlobalSection
	GlobalSection(ProjectConfigurationPlatforms) = postSolution
		{504DBB64-9898-4E08-ACEE-2B4409EBD1C1}.Debug|Any CPU.ActiveCfg = Debug|Any CPU
		{504DBB64-9898-4E08-ACEE-2B4409EBD1C1}.Debug|Any CPU.Build.0 = Debug|Any CPU
		{504DBB64-9898-4E08-ACEE-2B4409EBD1C1}.Release|Any CPU.ActiveCfg = Release|Any CPU
		{504DBB64-9898-4E08-ACEE-2B4409EBD1C1}.Release|Any CPU.Build.0 = Release|Any CPU
	EndGlobalSection
	GlobalSection(SolutionProperties) = preSolution
		HideSolutionNode = FALSE
	EndGlobalSection
	GlobalSection(ExtensibilityGlobals) = postSolution
		SolutionGuid = {98061848-5B1A-452B-AD2B-002648E2971D}
	EndGlobalSection
EndGlobal
