
Microsoft Visual Studio Solution File, Format Version 12.00
# Visual Studio Version 16
VisualStudioVersion = 16.0.32413.511
MinimumVisualStudioVersion = 10.0.40219.1
Project("{FAE04EC0-301F-11D3-BF4B-00C04F79EFBC}") = "DatabaseImageProject", "DatabaseImageProject\DatabaseImageProject.csproj", "{25165664-5B5A-4259-8B12-CA1180AAE261}"
EndProject
Global
	GlobalSection(SolutionConfigurationPlatforms) = preSolution
		Debug|Any CPU = Debug|Any CPU
		Release|Any CPU = Release|Any CPU
	EndGlobalSection
	GlobalSection(ProjectConfigurationPlatforms) = postSolution
		{25165664-5B5A-4259-8B12-CA1180AAE261}.Debug|Any CPU.ActiveCfg = Debug|Any CPU
		{25165664-5B5A-4259-8B12-CA1180AAE261}.Debug|Any CPU.Build.0 = Debug|Any CPU
		{25165664-5B5A-4259-8B12-CA1180AAE261}.Release|Any CPU.ActiveCfg = Release|Any CPU
		{25165664-5B5A-4259-8B12-CA1180AAE261}.Release|Any CPU.Build.0 = Release|Any CPU
	EndGlobalSection
	GlobalSection(SolutionProperties) = preSolution
		HideSolutionNode = FALSE
	EndGlobalSection
	GlobalSection(ExtensibilityGlobals) = postSolution
		SolutionGuid = {AEDB0149-8C84-4629-98B5-BBE0EF2EB7DD}
	EndGlobalSection
EndGlobal
