
Microsoft Visual Studio Solution File, Format Version 12.00
# Visual Studio Version 16
VisualStudioVersion = 16.0.32228.343
MinimumVisualStudioVersion = 10.0.40219.1
Project("{FAE04EC0-301F-11D3-BF4B-00C04F79EFBC}") = "EFCore_02", "EFCore_02\EFCore_02.csproj", "{2261EC4B-B290-4703-BCA6-DD1FEC449688}"
EndProject
Global
	GlobalSection(SolutionConfigurationPlatforms) = preSolution
		Debug|Any CPU = Debug|Any CPU
		Release|Any CPU = Release|Any CPU
	EndGlobalSection
	GlobalSection(ProjectConfigurationPlatforms) = postSolution
		{2261EC4B-B290-4703-BCA6-DD1FEC449688}.Debug|Any CPU.ActiveCfg = Debug|Any CPU
		{2261EC4B-B290-4703-BCA6-DD1FEC449688}.Debug|Any CPU.Build.0 = Debug|Any CPU
		{2261EC4B-B290-4703-BCA6-DD1FEC449688}.Release|Any CPU.ActiveCfg = Release|Any CPU
		{2261EC4B-B290-4703-BCA6-DD1FEC449688}.Release|Any CPU.Build.0 = Release|Any CPU
	EndGlobalSection
	GlobalSection(SolutionProperties) = preSolution
		HideSolutionNode = FALSE
	EndGlobalSection
	GlobalSection(ExtensibilityGlobals) = postSolution
		SolutionGuid = {C24682FE-466B-4B7B-807E-EF18095F9536}
	EndGlobalSection
EndGlobal
